
Microsoft Visual Studio Solution File, Format Version 12.00
# Visual Studio Version 17
VisualStudioVersion = 17.6.33815.320
MinimumVisualStudioVersion = 10.0.40219.1
Project("{FAE04EC0-301F-11D3-BF4B-00C04F79EFBC}") = "problem statement9", "problem statement9\problem statement9.csproj", "{D41D644B-AD30-4361-82F1-1B3933B998D3}"
EndProject
Global
	GlobalSection(SolutionConfigurationPlatforms) = preSolution
		Debug|Any CPU = Debug|Any CPU
		Release|Any CPU = Release|Any CPU
	EndGlobalSection
	GlobalSection(ProjectConfigurationPlatforms) = postSolution
		{D41D644B-AD30-4361-82F1-1B3933B998D3}.Debug|Any CPU.ActiveCfg = Debug|Any CPU
		{D41D644B-AD30-4361-82F1-1B3933B998D3}.Debug|Any CPU.Build.0 = Debug|Any CPU
		{D41D644B-AD30-4361-82F1-1B3933B998D3}.Release|Any CPU.ActiveCfg = Release|Any CPU
		{D41D644B-AD30-4361-82F1-1B3933B998D3}.Release|Any CPU.Build.0 = Release|Any CPU
	EndGlobalSection
	GlobalSection(SolutionProperties) = preSolution
		HideSolutionNode = FALSE
	EndGlobalSection
	GlobalSection(ExtensibilityGlobals) = postSolution
		SolutionGuid = {C1BBE994-1D4C-4307-90BC-91654C3CB241}
	EndGlobalSection
EndGlobal
